
Microsoft Visual Studio Solution File, Format Version 12.00
# Visual Studio 15
VisualStudioVersion = 15.0.26430.13
MinimumVisualStudioVersion = 10.0.40219.1
Project("{FAE04EC0-301F-11D3-BF4B-00C04F79EFBC}") = "myapp", "myapp\myapp.csproj", "{76E76B44-7F16-453E-B030-54F1CD0D81E1}"
EndProject
Project("{FAE04EC0-301F-11D3-BF4B-00C04F79EFBC}") = "epam_tasks", "epam_tasks\epam_tasks.csproj", "{1EFF0370-BD24-49BD-8D57-A8C337E1C3E0}"
EndProject
Project("{FAE04EC0-301F-11D3-BF4B-00C04F79EFBC}") = "eventdelegate", "eventdelegate\eventdelegate.csproj", "{279207E6-4023-4F07-92D8-33A4EACE0BBD}"
EndProject
Project("{FAE04EC0-301F-11D3-BF4B-00C04F79EFBC}") = "onemoreapp", "onemoreapp\onemoreapp.csproj", "{702AF835-3F00-4092-8D0A-A3478861216F}"
EndProject
Project("{FAE04EC0-301F-11D3-BF4B-00C04F79EFBC}") = "ClassLibrary1", "ClassLibrary1\ClassLibrary1.csproj", "{EB5B87F2-0102-448D-8CB5-6776CC467A7E}"
EndProject
Project("{FAE04EC0-301F-11D3-BF4B-00C04F79EFBC}") = "OCP", "OCP\OCP.csproj", "{B36499F7-465F-400F-BD47-4914C5CCEE3A}"
EndProject
Project("{FAE04EC0-301F-11D3-BF4B-00C04F79EFBC}") = "Liskov", "Liskov\Liskov.csproj", "{2AE4B4AE-53EE-4514-BCFC-5799D4219FD2}"
EndProject
Project("{FAE04EC0-301F-11D3-BF4B-00C04F79EFBC}") = "InterfaceSegregation", "InterfaceSegregation\InterfaceSegregation.csproj", "{2473C853-CCDA-48A2-9C5E-5CC5423824DF}"
EndProject
Global
	GlobalSection(SolutionConfigurationPlatforms) = preSolution
		Debug|Any CPU = Debug|Any CPU
		Debug|ARM = Debug|ARM
		Debug|x64 = Debug|x64
		Debug|x86 = Debug|x86
		Release|Any CPU = Release|Any CPU
		Release|ARM = Release|ARM
		Release|x64 = Release|x64
		Release|x86 = Release|x86
	EndGlobalSection
	GlobalSection(ProjectConfigurationPlatforms) = postSolution
		{76E76B44-7F16-453E-B030-54F1CD0D81E1}.Debug|Any CPU.ActiveCfg = Debug|Any CPU
		{76E76B44-7F16-453E-B030-54F1CD0D81E1}.Debug|Any CPU.Build.0 = Debug|Any CPU
		{76E76B44-7F16-453E-B030-54F1CD0D81E1}.Debug|ARM.ActiveCfg = Debug|Any CPU
		{76E76B44-7F16-453E-B030-54F1CD0D81E1}.Debug|ARM.Build.0 = Debug|Any CPU
		{76E76B44-7F16-453E-B030-54F1CD0D81E1}.Debug|x64.ActiveCfg = Debug|Any CPU
		{76E76B44-7F16-453E-B030-54F1CD0D81E1}.Debug|x64.Build.0 = Debug|Any CPU
		{76E76B44-7F16-453E-B030-54F1CD0D81E1}.Debug|x86.ActiveCfg = Debug|Any CPU
		{76E76B44-7F16-453E-B030-54F1CD0D81E1}.Debug|x86.Build.0 = Debug|Any CPU
		{76E76B44-7F16-453E-B030-54F1CD0D81E1}.Release|Any CPU.ActiveCfg = Release|Any CPU
		{76E76B44-7F16-453E-B030-54F1CD0D81E1}.Release|Any CPU.Build.0 = Release|Any CPU
		{76E76B44-7F16-453E-B030-54F1CD0D81E1}.Release|ARM.ActiveCfg = Release|Any CPU
		{76E76B44-7F16-453E-B030-54F1CD0D81E1}.Release|ARM.Build.0 = Release|Any CPU
		{76E76B44-7F16-453E-B030-54F1CD0D81E1}.Release|x64.ActiveCfg = Release|Any CPU
		{76E76B44-7F16-453E-B030-54F1CD0D81E1}.Release|x64.Build.0 = Release|Any CPU
		{76E76B44-7F16-453E-B030-54F1CD0D81E1}.Release|x86.ActiveCfg = Release|Any CPU
		{76E76B44-7F16-453E-B030-54F1CD0D81E1}.Release|x86.Build.0 = Release|Any CPU
		{1EFF0370-BD24-49BD-8D57-A8C337E1C3E0}.Debug|Any CPU.ActiveCfg = Debug|Any CPU
		{1EFF0370-BD24-49BD-8D57-A8C337E1C3E0}.Debug|Any CPU.Build.0 = Debug|Any CPU
		{1EFF0370-BD24-49BD-8D57-A8C337E1C3E0}.Debug|ARM.ActiveCfg = Debug|Any CPU
		{1EFF0370-BD24-49BD-8D57-A8C337E1C3E0}.Debug|ARM.Build.0 = Debug|Any CPU
		{1EFF0370-BD24-49BD-8D57-A8C337E1C3E0}.Debug|x64.ActiveCfg = Debug|Any CPU
		{1EFF0370-BD24-49BD-8D57-A8C337E1C3E0}.Debug|x64.Build.0 = Debug|Any CPU
		{1EFF0370-BD24-49BD-8D57-A8C337E1C3E0}.Debug|x86.ActiveCfg = Debug|Any CPU
		{1EFF0370-BD24-49BD-8D57-A8C337E1C3E0}.Debug|x86.Build.0 = Debug|Any CPU
		{1EFF0370-BD24-49BD-8D57-A8C337E1C3E0}.Release|Any CPU.ActiveCfg = Release|Any CPU
		{1EFF0370-BD24-49BD-8D57-A8C337E1C3E0}.Release|Any CPU.Build.0 = Release|Any CPU
		{1EFF0370-BD24-49BD-8D57-A8C337E1C3E0}.Release|ARM.ActiveCfg = Release|Any CPU
		{1EFF0370-BD24-49BD-8D57-A8C337E1C3E0}.Release|ARM.Build.0 = Release|Any CPU
		{1EFF0370-BD24-49BD-8D57-A8C337E1C3E0}.Release|x64.ActiveCfg = Release|Any CPU
		{1EFF0370-BD24-49BD-8D57-A8C337E1C3E0}.Release|x64.Build.0 = Release|Any CPU
		{1EFF0370-BD24-49BD-8D57-A8C337E1C3E0}.Release|x86.ActiveCfg = Release|Any CPU
		{1EFF0370-BD24-49BD-8D57-A8C337E1C3E0}.Release|x86.Build.0 = Release|Any CPU
		{279207E6-4023-4F07-92D8-33A4EACE0BBD}.Debug|Any CPU.ActiveCfg = Debug|Any CPU
		{279207E6-4023-4F07-92D8-33A4EACE0BBD}.Debug|Any CPU.Build.0 = Debug|Any CPU
		{279207E6-4023-4F07-92D8-33A4EACE0BBD}.Debug|ARM.ActiveCfg = Debug|Any CPU
		{279207E6-4023-4F07-92D8-33A4EACE0BBD}.Debug|ARM.Build.0 = Debug|Any CPU
		{279207E6-4023-4F07-92D8-33A4EACE0BBD}.Debug|x64.ActiveCfg = Debug|Any CPU
		{279207E6-4023-4F07-92D8-33A4EACE0BBD}.Debug|x64.Build.0 = Debug|Any CPU
		{279207E6-4023-4F07-92D8-33A4EACE0BBD}.Debug|x86.ActiveCfg = Debug|Any CPU
		{279207E6-4023-4F07-92D8-33A4EACE0BBD}.Debug|x86.Build.0 = Debug|Any CPU
		{279207E6-4023-4F07-92D8-33A4EACE0BBD}.Release|Any CPU.ActiveCfg = Release|Any CPU
		{279207E6-4023-4F07-92D8-33A4EACE0BBD}.Release|Any CPU.Build.0 = Release|Any CPU
		{279207E6-4023-4F07-92D8-33A4EACE0BBD}.Release|ARM.ActiveCfg = Release|Any CPU
		{279207E6-4023-4F07-92D8-33A4EACE0BBD}.Release|ARM.Build.0 = Release|Any CPU
		{279207E6-4023-4F07-92D8-33A4EACE0BBD}.Release|x64.ActiveCfg = Release|Any CPU
		{279207E6-4023-4F07-92D8-33A4EACE0BBD}.Release|x64.Build.0 = Release|Any CPU
		{279207E6-4023-4F07-92D8-33A4EACE0BBD}.Release|x86.ActiveCfg = Release|Any CPU
		{279207E6-4023-4F07-92D8-33A4EACE0BBD}.Release|x86.Build.0 = Release|Any CPU
		{702AF835-3F00-4092-8D0A-A3478861216F}.Debug|Any CPU.ActiveCfg = Debug|Any CPU
		{702AF835-3F00-4092-8D0A-A3478861216F}.Debug|Any CPU.Build.0 = Debug|Any CPU
		{702AF835-3F00-4092-8D0A-A3478861216F}.Debug|ARM.ActiveCfg = Debug|Any CPU
		{702AF835-3F00-4092-8D0A-A3478861216F}.Debug|ARM.Build.0 = Debug|Any CPU
		{702AF835-3F00-4092-8D0A-A3478861216F}.Debug|x64.ActiveCfg = Debug|Any CPU
		{702AF835-3F00-4092-8D0A-A3478861216F}.Debug|x64.Build.0 = Debug|Any CPU
		{702AF835-3F00-4092-8D0A-A3478861216F}.Debug|x86.ActiveCfg = Debug|Any CPU
		{702AF835-3F00-4092-8D0A-A3478861216F}.Debug|x86.Build.0 = Debug|Any CPU
		{702AF835-3F00-4092-8D0A-A3478861216F}.Release|Any CPU.ActiveCfg = Release|Any CPU
		{702AF835-3F00-4092-8D0A-A3478861216F}.Release|Any CPU.Build.0 = Release|Any CPU
		{702AF835-3F00-4092-8D0A-A3478861216F}.Release|ARM.ActiveCfg = Release|Any CPU
		{702AF835-3F00-4092-8D0A-A3478861216F}.Release|ARM.Build.0 = Release|Any CPU
		{702AF835-3F00-4092-8D0A-A3478861216F}.Release|x64.ActiveCfg = Release|Any CPU
		{702AF835-3F00-4092-8D0A-A3478861216F}.Release|x64.Build.0 = Release|Any CPU
		{702AF835-3F00-4092-8D0A-A3478861216F}.Release|x86.ActiveCfg = Release|Any CPU
		{702AF835-3F00-4092-8D0A-A3478861216F}.Release|x86.Build.0 = Release|Any CPU
		{EB5B87F2-0102-448D-8CB5-6776CC467A7E}.Debug|Any CPU.ActiveCfg = Debug|Any CPU
		{EB5B87F2-0102-448D-8CB5-6776CC467A7E}.Debug|Any CPU.Build.0 = Debug|Any CPU
		{EB5B87F2-0102-448D-8CB5-6776CC467A7E}.Debug|ARM.ActiveCfg = Debug|Any CPU
		{EB5B87F2-0102-448D-8CB5-6776CC467A7E}.Debug|ARM.Build.0 = Debug|Any CPU
		{EB5B87F2-0102-448D-8CB5-6776CC467A7E}.Debug|x64.ActiveCfg = Debug|Any CPU
		{EB5B87F2-0102-448D-8CB5-6776CC467A7E}.Debug|x64.Build.0 = Debug|Any CPU
		{EB5B87F2-0102-448D-8CB5-6776CC467A7E}.Debug|x86.ActiveCfg = Debug|Any CPU
		{EB5B87F2-0102-448D-8CB5-6776CC467A7E}.Debug|x86.Build.0 = Debug|Any CPU
		{EB5B87F2-0102-448D-8CB5-6776CC467A7E}.Release|Any CPU.ActiveCfg = Release|Any CPU
		{EB5B87F2-0102-448D-8CB5-6776CC467A7E}.Release|Any CPU.Build.0 = Release|Any CPU
		{EB5B87F2-0102-448D-8CB5-6776CC467A7E}.Release|ARM.ActiveCfg = Release|Any CPU
		{EB5B87F2-0102-448D-8CB5-6776CC467A7E}.Release|ARM.Build.0 = Release|Any CPU
		{EB5B87F2-0102-448D-8CB5-6776CC467A7E}.Release|x64.ActiveCfg = Release|Any CPU
		{EB5B87F2-0102-448D-8CB5-6776CC467A7E}.Release|x64.Build.0 = Release|Any CPU
		{EB5B87F2-0102-448D-8CB5-6776CC467A7E}.Release|x86.ActiveCfg = Release|Any CPU
		{EB5B87F2-0102-448D-8CB5-6776CC467A7E}.Release|x86.Build.0 = Release|Any CPU
		{B36499F7-465F-400F-BD47-4914C5CCEE3A}.Debug|Any CPU.ActiveCfg = Debug|Any CPU
		{B36499F7-465F-400F-BD47-4914C5CCEE3A}.Debug|Any CPU.Build.0 = Debug|Any CPU
		{B36499F7-465F-400F-BD47-4914C5CCEE3A}.Debug|ARM.ActiveCfg = Debug|Any CPU
		{B36499F7-465F-400F-BD47-4914C5CCEE3A}.Debug|ARM.Build.0 = Debug|Any CPU
		{B36499F7-465F-400F-BD47-4914C5CCEE3A}.Debug|x64.ActiveCfg = Debug|Any CPU
		{B36499F7-465F-400F-BD47-4914C5CCEE3A}.Debug|x64.Build.0 = Debug|Any CPU
		{B36499F7-465F-400F-BD47-4914C5CCEE3A}.Debug|x86.ActiveCfg = Debug|Any CPU
		{B36499F7-465F-400F-BD47-4914C5CCEE3A}.Debug|x86.Build.0 = Debug|Any CPU
		{B36499F7-465F-400F-BD47-4914C5CCEE3A}.Release|Any CPU.ActiveCfg = Release|Any CPU
		{B36499F7-465F-400F-BD47-4914C5CCEE3A}.Release|Any CPU.Build.0 = Release|Any CPU
		{B36499F7-465F-400F-BD47-4914C5CCEE3A}.Release|ARM.ActiveCfg = Release|Any CPU
		{B36499F7-465F-400F-BD47-4914C5CCEE3A}.Release|ARM.Build.0 = Release|Any CPU
		{B36499F7-465F-400F-BD47-4914C5CCEE3A}.Release|x64.ActiveCfg = Release|Any CPU
		{B36499F7-465F-400F-BD47-4914C5CCEE3A}.Release|x64.Build.0 = Release|Any CPU
		{B36499F7-465F-400F-BD47-4914C5CCEE3A}.Release|x86.ActiveCfg = Release|Any CPU
		{B36499F7-465F-400F-BD47-4914C5CCEE3A}.Release|x86.Build.0 = Release|Any CPU
		{2AE4B4AE-53EE-4514-BCFC-5799D4219FD2}.Debug|Any CPU.ActiveCfg = Debug|Any CPU
		{2AE4B4AE-53EE-4514-BCFC-5799D4219FD2}.Debug|Any CPU.Build.0 = Debug|Any CPU
		{2AE4B4AE-53EE-4514-BCFC-5799D4219FD2}.Debug|ARM.ActiveCfg = Debug|Any CPU
		{2AE4B4AE-53EE-4514-BCFC-5799D4219FD2}.Debug|ARM.Build.0 = Debug|Any CPU
		{2AE4B4AE-53EE-4514-BCFC-5799D4219FD2}.Debug|x64.ActiveCfg = Debug|Any CPU
		{2AE4B4AE-53EE-4514-BCFC-5799D4219FD2}.Debug|x64.Build.0 = Debug|Any CPU
		{2AE4B4AE-53EE-4514-BCFC-5799D4219FD2}.Debug|x86.ActiveCfg = Debug|Any CPU
		{2AE4B4AE-53EE-4514-BCFC-5799D4219FD2}.Debug|x86.Build.0 = Debug|Any CPU
		{2AE4B4AE-53EE-4514-BCFC-5799D4219FD2}.Release|Any CPU.ActiveCfg = Release|Any CPU
		{2AE4B4AE-53EE-4514-BCFC-5799D4219FD2}.Release|Any CPU.Build.0 = Release|Any CPU
		{2AE4B4AE-53EE-4514-BCFC-5799D4219FD2}.Release|ARM.ActiveCfg = Release|Any CPU
		{2AE4B4AE-53EE-4514-BCFC-5799D4219FD2}.Release|ARM.Build.0 = Release|Any CPU
		{2AE4B4AE-53EE-4514-BCFC-5799D4219FD2}.Release|x64.ActiveCfg = Release|Any CPU
		{2AE4B4AE-53EE-4514-BCFC-5799D4219FD2}.Release|x64.Build.0 = Release|Any CPU
		{2AE4B4AE-53EE-4514-BCFC-5799D4219FD2}.Release|x86.ActiveCfg = Release|Any CPU
		{2AE4B4AE-53EE-4514-BCFC-5799D4219FD2}.Release|x86.Build.0 = Release|Any CPU
		{2473C853-CCDA-48A2-9C5E-5CC5423824DF}.Debug|Any CPU.ActiveCfg = Debug|Any CPU
		{2473C853-CCDA-48A2-9C5E-5CC5423824DF}.Debug|Any CPU.Build.0 = Debug|Any CPU
		{2473C853-CCDA-48A2-9C5E-5CC5423824DF}.Debug|ARM.ActiveCfg = Debug|Any CPU
		{2473C853-CCDA-48A2-9C5E-5CC5423824DF}.Debug|ARM.Build.0 = Debug|Any CPU
		{2473C853-CCDA-48A2-9C5E-5CC5423824DF}.Debug|x64.ActiveCfg = Debug|Any CPU
		{2473C853-CCDA-48A2-9C5E-5CC5423824DF}.Debug|x64.Build.0 = Debug|Any CPU
		{2473C853-CCDA-48A2-9C5E-5CC5423824DF}.Debug|x86.ActiveCfg = Debug|Any CPU
		{2473C853-CCDA-48A2-9C5E-5CC5423824DF}.Debug|x86.Build.0 = Debug|Any CPU
		{2473C853-CCDA-48A2-9C5E-5CC5423824DF}.Release|Any CPU.ActiveCfg = Release|Any CPU
		{2473C853-CCDA-48A2-9C5E-5CC5423824DF}.Release|Any CPU.Build.0 = Release|Any CPU
		{2473C853-CCDA-48A2-9C5E-5CC5423824DF}.Release|ARM.ActiveCfg = Release|Any CPU
		{2473C853-CCDA-48A2-9C5E-5CC5423824DF}.Release|ARM.Build.0 = Release|Any CPU
		{2473C853-CCDA-48A2-9C5E-5CC5423824DF}.Release|x64.ActiveCfg = Release|Any CPU
		{2473C853-CCDA-48A2-9C5E-5CC5423824DF}.Release|x64.Build.0 = Release|Any CPU
		{2473C853-CCDA-48A2-9C5E-5CC5423824DF}.Release|x86.ActiveCfg = Release|Any CPU
		{2473C853-CCDA-48A2-9C5E-5CC5423824DF}.Release|x86.Build.0 = Release|Any CPU
	EndGlobalSection
	GlobalSection(SolutionProperties) = preSolution
		HideSolutionNode = FALSE
	EndGlobalSection
	GlobalSection(ExtensibilityGlobals) = postSolution
		SolutionGuid = {EC518E10-1B7D-40AC-B24E-899B45D826CB}
	EndGlobalSection
EndGlobal
